
Microsoft Visual Studio Solution File, Format Version 12.00
# Visual Studio Express 2013 for Web
VisualStudioVersion = 12.0.31101.0
MinimumVisualStudioVersion = 10.0.40219.1
Project("{E24C65DC-7377-472B-9ABA-BC803B73C61A}") = "addInt", "http://localhost:49583", "{9925C568-CE17-4DCF-8744-4BABBAF249B5}"
	ProjectSection(WebsiteProperties) = preProject
		UseIISExpress = "true"
		TargetFrameworkMoniker = ".NETFramework,Version%3Dv4.5"
		Debug.AspNetCompiler.VirtualPath = "/localhost_49583"
		Debug.AspNetCompiler.PhysicalPath = "..\..\WebSites\addInt\"
		Debug.AspNetCompiler.TargetPath = "PrecompiledWeb\localhost_49583\"
		Debug.AspNetCompiler.Updateable = "true"
		Debug.AspNetCompiler.ForceOverwrite = "true"
		Debug.AspNetCompiler.FixedNames = "false"
		Debug.AspNetCompiler.Debug = "True"
		Release.AspNetCompiler.VirtualPath = "/localhost_49583"
		Release.AspNetCompiler.PhysicalPath = "..\..\WebSites\addInt\"
		Release.AspNetCompiler.TargetPath = "PrecompiledWeb\localhost_49583\"
		Release.AspNetCompiler.Updateable = "true"
		Release.AspNetCompiler.ForceOverwrite = "true"
		Release.AspNetCompiler.FixedNames = "false"
		Release.AspNetCompiler.Debug = "False"
		SlnRelativePath = "..\..\WebSites\addInt\"
		DefaultWebSiteLanguage = "Visual C#"
	EndProjectSection
EndProject
Project("{E24C65DC-7377-472B-9ABA-BC803B73C61A}") = "Cl", "http://localhost:49635", "{9CE85E9C-BD1C-4DC8-AEE6-5B53DA5556D2}"
	ProjectSection(WebsiteProperties) = preProject
		UseIISExpress = "true"
		TargetFrameworkMoniker = ".NETFramework,Version%3Dv4.5"
		Debug.AspNetCompiler.VirtualPath = "/localhost_49635"
		Debug.AspNetCompiler.PhysicalPath = "..\..\WebSites\Cl\"
		Debug.AspNetCompiler.TargetPath = "PrecompiledWeb\localhost_49635\"
		Debug.AspNetCompiler.Updateable = "true"
		Debug.AspNetCompiler.ForceOverwrite = "true"
		Debug.AspNetCompiler.FixedNames = "false"
		Debug.AspNetCompiler.Debug = "True"
		Release.AspNetCompiler.VirtualPath = "/localhost_49635"
		Release.AspNetCompiler.PhysicalPath = "..\..\WebSites\Cl\"
		Release.AspNetCompiler.TargetPath = "PrecompiledWeb\localhost_49635\"
		Release.AspNetCompiler.Updateable = "true"
		Release.AspNetCompiler.ForceOverwrite = "true"
		Release.AspNetCompiler.FixedNames = "false"
		Release.AspNetCompiler.Debug = "False"
		SlnRelativePath = "..\..\WebSites\Cl\"
		DefaultWebSiteLanguage = "Visual C#"
	EndProjectSection
EndProject
Global
	GlobalSection(SolutionConfigurationPlatforms) = preSolution
		Debug|Any CPU = Debug|Any CPU
	EndGlobalSection
	GlobalSection(ProjectConfigurationPlatforms) = postSolution
		{9925C568-CE17-4DCF-8744-4BABBAF249B5}.Debug|Any CPU.ActiveCfg = Debug|Any CPU
		{9925C568-CE17-4DCF-8744-4BABBAF249B5}.Debug|Any CPU.Build.0 = Debug|Any CPU
		{9CE85E9C-BD1C-4DC8-AEE6-5B53DA5556D2}.Debug|Any CPU.ActiveCfg = Debug|Any CPU
		{9CE85E9C-BD1C-4DC8-AEE6-5B53DA5556D2}.Debug|Any CPU.Build.0 = Debug|Any CPU
	EndGlobalSection
	GlobalSection(SolutionProperties) = preSolution
		HideSolutionNode = FALSE
	EndGlobalSection
EndGlobal
